{
  "name": "@progre/tslint-config",
  "version": "5.3.0",
  "lockfileVersion": 1,
  "requires": true,
  "dependencies": {
    "doctrine": {
      "version": "0.7.2",
      "resolved": "https://registry.npmjs.org/doctrine/-/doctrine-0.7.2.tgz",
      "integrity": "sha1-fLhgNZujvpDgQLJrcpzkv6ZUxSM=",
      "requires": {
        "esutils": "1.1.6",
        "isarray": "0.0.1"
      }
    },
    "esutils": {
      "version": "1.1.6",
      "resolved": "https://registry.npmjs.org/esutils/-/esutils-1.1.6.tgz",
      "integrity": "sha1-wBzKqa5LiXxtDD4hCuUvPHqEQ3U="
    },
    "isarray": {
      "version": "0.0.1",
      "resolved": "https://registry.npmjs.org/isarray/-/isarray-0.0.1.tgz",
      "integrity": "sha1-ihis/Kmo9Bd+Cav8YDiTmwXR7t8="
    },
    "tslib": {
      "version": "1.8.0",
      "resolved": "https://registry.npmjs.org/tslib/-/tslib-1.8.0.tgz",
      "integrity": "sha512-ymKWWZJST0/CkgduC2qkzjMOWr4bouhuURNXCn/inEX0L57BnRG6FhX76o7FOnsjHazCjfU2LKeSrlS2sIKQJg=="
    },
    "tslint-config-airbnb": {
      "version": "5.4.2",
      "resolved": "https://registry.npmjs.org/tslint-config-airbnb/-/tslint-config-airbnb-5.4.2.tgz",
      "integrity": "sha1-GO7/KPaXtXhzEknZo++JVbLwT0Q=",
      "requires": {
        "tslint-consistent-codestyle": "1.10.0",
        "tslint-eslint-rules": "4.1.1",
        "tslint-microsoft-contrib": "5.0.1"
      }
    },
    "tslint-consistent-codestyle": {
      "version": "1.10.0",
      "resolved": "https://registry.npmjs.org/tslint-consistent-codestyle/-/tslint-consistent-codestyle-1.10.0.tgz",
      "integrity": "sha512-bzlwTrLLBgWbrpicOoXxkxIvIc9DvsSluD2MuZr23dfZHro/c30x2IlNpOMZS9PEJeRAaLJHhX1e5nDG1+9g3w==",
      "requires": {
        "tslib": "1.8.0",
        "tsutils": "2.12.2"
      }
    },
    "tslint-eslint-rules": {
      "version": "4.1.1",
      "resolved": "https://registry.npmjs.org/tslint-eslint-rules/-/tslint-eslint-rules-4.1.1.tgz",
      "integrity": "sha1-fDDniC8mvCdr/5HSOEl1xp2viLo=",
      "requires": {
        "doctrine": "0.7.2",
        "tslib": "1.8.0",
        "tsutils": "1.9.1"
      },
      "dependencies": {
        "tsutils": {
          "version": "1.9.1",
          "resolved": "https://registry.npmjs.org/tsutils/-/tsutils-1.9.1.tgz",
          "integrity": "sha1-ufmrROVa+WgYMdXyjQrur1x1DLA="
        }
      }
    },
    "tslint-microsoft-contrib": {
      "version": "5.0.1",
      "resolved": "https://registry.npmjs.org/tslint-microsoft-contrib/-/tslint-microsoft-contrib-5.0.1.tgz",
      "integrity": "sha1-Mo7pwo0HzfeTKTIEyW4v+rkiGZQ=",
      "requires": {
        "tsutils": "1.9.1"
      },
      "dependencies": {
        "tsutils": {
          "version": "1.9.1",
          "resolved": "https://registry.npmjs.org/tsutils/-/tsutils-1.9.1.tgz",
          "integrity": "sha1-ufmrROVa+WgYMdXyjQrur1x1DLA="
        }
      }
    },
    "tsutils": {
      "version": "2.12.2",
      "resolved": "https://registry.npmjs.org/tsutils/-/tsutils-2.12.2.tgz",
      "integrity": "sha1-rVikhl0X7D3bZjG2ylO+FKVlb/M=",
      "requires": {
        "tslib": "1.8.0"
      }
    }
  }
}
