{
  "name": "@progre/tslint-config",
  "version": "5.8.0",
  "lockfileVersion": 1,
  "requires": true,
  "dependencies": {
    "@fimbul/bifrost": {
      "version": "0.5.0",
      "resolved": "https://registry.npmjs.org/@fimbul/bifrost/-/bifrost-0.5.0.tgz",
      "integrity": "sha512-W5CdMGOUd2df2FH1BUi9Q6Yv1BZf8FQh7lR8LXCBfsHdvZOlHm8ZP35Pdfx0W1kYRYVcthSF+FRotuRGXpZY/Q==",
      "requires": {
        "@fimbul/ymir": "0.4.0",
        "get-caller-file": "1.0.2",
        "tslib": "1.9.0"
      }
    },
    "@fimbul/ymir": {
      "version": "0.4.0",
      "resolved": "https://registry.npmjs.org/@fimbul/ymir/-/ymir-0.4.0.tgz",
      "integrity": "sha512-qY+jYvoHqRmImS6TjQzsjun8ETPsDj1v+tdgR41edMWX5wsdant4qikabg3dASZ3Yr+kv3ja2Z7QoDGcj+5otQ==",
      "requires": {
        "inversify": "4.11.1",
        "reflect-metadata": "0.1.12",
        "tslib": "1.9.0"
      }
    },
    "doctrine": {
      "version": "0.7.2",
      "resolved": "https://registry.npmjs.org/doctrine/-/doctrine-0.7.2.tgz",
      "integrity": "sha1-fLhgNZujvpDgQLJrcpzkv6ZUxSM=",
      "requires": {
        "esutils": "1.1.6",
        "isarray": "0.0.1"
      }
    },
    "esutils": {
      "version": "1.1.6",
      "resolved": "https://registry.npmjs.org/esutils/-/esutils-1.1.6.tgz",
      "integrity": "sha1-wBzKqa5LiXxtDD4hCuUvPHqEQ3U="
    },
    "get-caller-file": {
      "version": "1.0.2",
      "resolved": "https://registry.npmjs.org/get-caller-file/-/get-caller-file-1.0.2.tgz",
      "integrity": "sha1-9wLmMSfn4jHBYKgMFVSstw1QR+U="
    },
    "inversify": {
      "version": "4.11.1",
      "resolved": "https://registry.npmjs.org/inversify/-/inversify-4.11.1.tgz",
      "integrity": "sha512-9bs/36crPdTSOCcoomHMb96s+B8W0+2c9dHFP/Srv9ZQaPnUvsMgzmMHfgVECqfHVUIW+M5S7SYOjoig8khWuQ=="
    },
    "isarray": {
      "version": "0.0.1",
      "resolved": "https://registry.npmjs.org/isarray/-/isarray-0.0.1.tgz",
      "integrity": "sha1-ihis/Kmo9Bd+Cav8YDiTmwXR7t8="
    },
    "reflect-metadata": {
      "version": "0.1.12",
      "resolved": "https://registry.npmjs.org/reflect-metadata/-/reflect-metadata-0.1.12.tgz",
      "integrity": "sha512-n+IyV+nGz3+0q3/Yf1ra12KpCyi001bi4XFxSjbiWWjfqb52iTTtpGXmCCAOWWIAn9KEuFZKGqBERHmrtScZ3A=="
    },
    "tslib": {
      "version": "1.9.0",
      "resolved": "https://registry.npmjs.org/tslib/-/tslib-1.9.0.tgz",
      "integrity": "sha512-f/qGG2tUkrISBlQZEjEqoZ3B2+npJjIf04H1wuAv9iA8i04Icp+61KRXxFdha22670NJopsZCIjhC3SnjPRKrQ=="
    },
    "tslint-config-airbnb": {
      "version": "5.8.0",
      "resolved": "https://registry.npmjs.org/tslint-config-airbnb/-/tslint-config-airbnb-5.8.0.tgz",
      "integrity": "sha512-4fTcxL/3Xbct8BIt1jjZvp9EavqwUO7ND9mpRsdHmvdAYGCbGdaIaUg9NCB6VXLDtTBTR5XT/tEU3/jBN/JPAw==",
      "requires": {
        "tslint-consistent-codestyle": "1.12.1",
        "tslint-eslint-rules": "4.1.1",
        "tslint-microsoft-contrib": "5.0.3"
      }
    },
    "tslint-consistent-codestyle": {
      "version": "1.12.1",
      "resolved": "https://registry.npmjs.org/tslint-consistent-codestyle/-/tslint-consistent-codestyle-1.12.1.tgz",
      "integrity": "sha512-NvPiMd6RKIl4CGmuGu9j1fUFrc4RJC3xIJHE/eHTKd2BN1drWyTGiFuZWLtsMt8yDF+b2iRl/hIy/+Hp2tdoSg==",
      "requires": {
        "@fimbul/bifrost": "0.5.0",
        "tslib": "1.9.0",
        "tsutils": "2.22.2"
      }
    },
    "tslint-eslint-rules": {
      "version": "4.1.1",
      "resolved": "https://registry.npmjs.org/tslint-eslint-rules/-/tslint-eslint-rules-4.1.1.tgz",
      "integrity": "sha1-fDDniC8mvCdr/5HSOEl1xp2viLo=",
      "requires": {
        "doctrine": "0.7.2",
        "tslib": "1.9.0",
        "tsutils": "1.9.1"
      },
      "dependencies": {
        "tsutils": {
          "version": "1.9.1",
          "resolved": "https://registry.npmjs.org/tsutils/-/tsutils-1.9.1.tgz",
          "integrity": "sha1-ufmrROVa+WgYMdXyjQrur1x1DLA="
        }
      }
    },
    "tslint-microsoft-contrib": {
      "version": "5.0.3",
      "resolved": "https://registry.npmjs.org/tslint-microsoft-contrib/-/tslint-microsoft-contrib-5.0.3.tgz",
      "integrity": "sha512-5AnfTGlfpUzpRHLmoojPBKFTTmbjnwgdaTHMdllausa4GBPya5u36i9ddrTX4PhetGZvd4JUYIpAmgHqVnsctg==",
      "requires": {
        "tsutils": "2.22.2"
      }
    },
    "tsutils": {
      "version": "2.22.2",
      "resolved": "https://registry.npmjs.org/tsutils/-/tsutils-2.22.2.tgz",
      "integrity": "sha512-u06FUSulCJ+Y8a2ftuqZN6kIGqdP2yJjUPEngXqmdPND4UQfb04igcotH+dw+IFr417yP6muCLE8/5/Qlfnx0w==",
      "requires": {
        "tslib": "1.9.0"
      }
    }
  }
}
